<Solution>
  <Folder Name="/src/">
    <Project Path="src/BankLedger.Core/BankLedger.Core.csproj" />
    <Project Path="src/BankLedger.ReadModel.API/BankLedger.ReadModel.API.csproj" />
    <Project Path="src/BankLedger.ReadModel.Projection/BankLedger.ReadModel.Projection.csproj" />
    <Project Path="src/BankLedger.WriteProject.API/BankLedger.WriteProject.API.csproj" />
    <Project Path="src/BankLedger.WriteProject/BankLedger.WriteProject.csproj" />
  </Folder>
  <Folder Name="/tests/">
    <Project Path="BankLedger.IntegrationTests/BankLedger.IntegrationTests.csproj" Id="3c9b5440-0839-484a-a8f7-420b7fcc5d2b" />
    <Project Path="tests/BankLedger.Application.Tests/BankLedger.Application.Tests.csproj" />
    <Project Path="tests/BankLedger.Domain.Tests/BankLedger.Domain.Tests.csproj" />
    <Project Path="tests/BankLedger.Infrastructure.Tests/BankLedger.Infrastructure.Tests.csproj" />
    <Project Path="tests/BankLedger.ReadModel.Tests/BankLedger.ReadModel.Tests.csproj" Id="ed38cbf3-975c-4f80-97fa-2e9b53e77c76" />
  </Folder>
</Solution>
